[[package]]
category = "dev"
description = "File system general utilities"
name = "pathtools"
optional = false
python-versions = "*"
version = "0.1.2"

[[package]]
category = "dev"
description = "Python<->ObjC Interoperability Module"
marker = "sys_platform == \"darwin\""
name = "pyobjc-core"
optional = false
python-versions = ">=3.6"
version = "6.1"

[[package]]
category = "dev"
description = "Wrappers for the Cocoa frameworks on macOS"
marker = "sys_platform == \"darwin\""
name = "pyobjc-framework-cocoa"
optional = false
python-versions = ">=3.6"
version = "6.1"

[package.dependencies]
pyobjc-core = ">=6.1"

[[package]]
category = "dev"
description = "Wrappers for the framework FSEvents on macOS"
marker = "sys_platform == \"darwin\""
name = "pyobjc-framework-fsevents"
optional = false
python-versions = ">=3.6"
version = "6.1"

[package.dependencies]
pyobjc-core = ">=6.1"
pyobjc-framework-Cocoa = ">=6.1"

[[package]]
category = "dev"
description = "Filesystem events monitoring"
name = "watchdog"
optional = false
python-versions = "*"
version = "0.10.0"

[package.dependencies]
pathtools = ">=0.1.1"
pyobjc-framework-Cocoa = ">=4.2.2"
pyobjc-framework-FSEvents = ">=4.2.2"

[package.extras]
watchmedo = ["PyYAML (>=3.10)", "argh (>=0.24.1)"]

[metadata]
content-hash = "737fe874a3f7b16855c199eaca3bae51fe54b59fefce08428a3bbfc30134917a"
python-versions = "^3.7"

[metadata.files]
pathtools = [
    {file = "pathtools-0.1.2.tar.gz", hash = "sha256:7c35c5421a39bb82e58018febd90e3b6e5db34c5443aaaf742b3f33d4655f1c0"},
]
pyobjc-core = [
    {file = "pyobjc-core-6.1.tar.gz", hash = "sha256:1a0fbf012fb575e0adf8c18cfd4453e657cc2c0deb2660c529bf524ba4c9149a"},
    {file = "pyobjc_core-6.1-cp36-cp36m-macosx_10_9_x86_64.whl", hash = "sha256:470ccd754efb468a59426942673dfc3c5c59f33a5b8cae8a7fc1be975c2d4128"},
    {file = "pyobjc_core-6.1-cp37-cp37m-macosx_10_9_x86_64.whl", hash = "sha256:751cdeb436cb181af2e2413015b072075590577c410c7f345080a38dd028b8ec"},
    {file = "pyobjc_core-6.1-cp38-cp38-macosx_10_9_x86_64.whl", hash = "sha256:8ccf44511cbe438fa6562c423c0c5f1dad7cfc0eadd6d8f112840f8845b44fda"},
]
pyobjc-framework-cocoa = [
    {file = "pyobjc-framework-Cocoa-6.1.tar.gz", hash = "sha256:c4077d2e6f96e4f3fd9780d66778cf51d27f414822498b24410e9df7a6a4d531"},
    {file = "pyobjc_framework_Cocoa-6.1-cp36-cp36m-macosx_10_9_x86_64.whl", hash = "sha256:32ba4d0ce811e2088bf0fc360c9545c06586934e895f7133655b8f2182e7019a"},
    {file = "pyobjc_framework_Cocoa-6.1-cp37-cp37m-macosx_10_9_x86_64.whl", hash = "sha256:245e19156739f8068db474ad9561079cc698f08ef525e299b8eedc5531e02801"},
    {file = "pyobjc_framework_Cocoa-6.1-cp38-cp38-macosx_10_9_x86_64.whl", hash = "sha256:1dc428f867d35007ddf9de5b24eff5bfdf65c58b1d610abcb08bebd94c343312"},
]
pyobjc-framework-fsevents = [
    {file = "pyobjc-framework-FSEvents-6.1.tar.gz", hash = "sha256:7a635c86af744a1d17f0c6c3913bef87b5fd146e0311c03229eba9e512b81520"},
    {file = "pyobjc_framework_FSEvents-6.1-cp36-cp36m-macosx_10_9_x86_64.whl", hash = "sha256:94c6953774b6d69e59d9781951f05ef57e352b3c530d4c236f463444852c3a88"},
    {file = "pyobjc_framework_FSEvents-6.1-cp37-cp37m-macosx_10_9_x86_64.whl", hash = "sha256:3a403ce5997cc01f23f1a70f8b4c919311b9a6b1fdd3c3d02d19079d711f954c"},
    {file = "pyobjc_framework_FSEvents-6.1-cp38-cp38-macosx_10_9_x86_64.whl", hash = "sha256:d2ae8748d1791dc9e3d19b41d3873283ac34ed17ff8fca70f1a199336a0477b5"},
]
watchdog = [
    {file = "watchdog-0.10.0.tar.gz", hash = "sha256:8e800496cdfb921cfdc62b58a11966d0d2203a35dc005b4b5b8e1ab3097b2eb5"},
]
